
Microsoft Visual Studio Solution File, Format Version 12.00
# Visual Studio Version 16
VisualStudioVersion = 16.0.31515.178
MinimumVisualStudioVersion = 10.0.40219.1
Project("{FAE04EC0-301F-11D3-BF4B-00C04F79EFBC}") = "VideoProcessor", "VideoProcessor\VideoProcessor.csproj", "{2A99DB77-C5F5-49A5-853E-99E6D885DDFA}"
EndProject
Global
	GlobalSection(SolutionConfigurationPlatforms) = preSolution
		Debug|Any CPU = Debug|Any CPU
		Release|Any CPU = Release|Any CPU
	EndGlobalSection
	GlobalSection(ProjectConfigurationPlatforms) = postSolution
		{2A99DB77-C5F5-49A5-853E-99E6D885DDFA}.Debug|Any CPU.ActiveCfg = Debug|Any CPU
		{2A99DB77-C5F5-49A5-853E-99E6D885DDFA}.Debug|Any CPU.Build.0 = Debug|Any CPU
		{2A99DB77-C5F5-49A5-853E-99E6D885DDFA}.Release|Any CPU.ActiveCfg = Release|Any CPU
		{2A99DB77-C5F5-49A5-853E-99E6D885DDFA}.Release|Any CPU.Build.0 = Release|Any CPU
	EndGlobalSection
	GlobalSection(SolutionProperties) = preSolution
		HideSolutionNode = FALSE
	EndGlobalSection
	GlobalSection(ExtensibilityGlobals) = postSolution
		SolutionGuid = {E73D14A0-9315-44C3-BD8F-7A042238072C}
	EndGlobalSection
EndGlobal
